<?xml version="1.0" encoding="utf-8"?>
<Project ToolsVersion="4.0" xmlns="http://schemas.microsoft.com/developer/msbuild/2003">
  <ItemGroup>
    <Filter Include="Source Files">
      <UniqueIdentifier>{4FC737F1-C7A5-4376-A066-2A32D752A2FF}</UniqueIdentifier>
      <Extensions>cpp;c;cc;cxx;c++;cppm;ixx;def;odl;idl;hpj;bat;asm;asmx</Extensions>
    </Filter>
    <Filter Include="Header Files">
      <UniqueIdentifier>{93995380-89BD-4b04-88EB-625FBE52EBFB}</UniqueIdentifier>
      <Extensions>h;hh;hpp;hxx;h++;hm;inl;inc;ipp;xsd</Extensions>
    </Filter>
    <Filter Include="Resource Files">
      <UniqueIdentifier>{67DA6AB6-F800-4c08-8B7A-83BB121AAD01}</UniqueIdentifier>
      <Extensions>rc;ico;cur;bmp;dlg;rc2;rct;bin;rgs;gif;jpg;jpeg;jpe;resx;tiff;tif;png;wav;mfcribbon-ms</Extensions>
    </Filter>
    <Filter Include="Source Files\Handlers">
      <UniqueIdentifier>{461f34eb-b915-41a6-aed3-4a286529d4fa}</UniqueIdentifier>
    </Filter>
    <Filter Include="Resource Files\Models">
      <UniqueIdentifier>{aec1e130-bd45-46f8-b350-a1eb830b9b50}</UniqueIdentifier>
    </Filter>
    <Filter Include="Header Files\Handlers">
      <UniqueIdentifier>{5d1cd13a-8983-46ce-939c-59f89f9ac2fb}</UniqueIdentifier>
    </Filter>
    <Filter Include="Header Files\Classes">
      <UniqueIdentifier>{6024014c-3d91-42d1-ae77-bacda0486291}</UniqueIdentifier>
    </Filter>
  </ItemGroup>
  <ItemGroup>
    <ClCompile Include="main.cpp">
      <Filter>Source Files</Filter>
    </ClCompile>
    <ClCompile Include="enemy.cpp">
      <Filter>Resource Files\Models</Filter>
    </ClCompile>
    <ClCompile Include="input_action.cpp">
      <Filter>Resource Files\Models</Filter>
    </ClCompile>
    <ClCompile Include="interactables.cpp">
      <Filter>Resource Files\Models</Filter>
    </ClCompile>
    <ClCompile Include="items.cpp">
      <Filter>Resource Files\Models</Filter>
    </ClCompile>
    <ClCompile Include="player.cpp">
      <Filter>Resource Files\Models</Filter>
    </ClCompile>
    <ClCompile Include="user_input.cpp">
      <Filter>Resource Files\Models</Filter>
    </ClCompile>
    <ClCompile Include="room.cpp">
      <Filter>Resource Files\Models</Filter>
    </ClCompile>
    <ClCompile Include="characters.cpp">
      <Filter>Source Files\Handlers</Filter>
    </ClCompile>
    <ClCompile Include="dialogue.cpp">
      <Filter>Source Files\Handlers</Filter>
    </ClCompile>
    <ClCompile Include="input_handler.cpp">
      <Filter>Source Files\Handlers</Filter>
    </ClCompile>
    <ClCompile Include="tutorial.cpp">
      <Filter>Source Files\Handlers</Filter>
    </ClCompile>
    <ClCompile Include="collections.cpp">
      <Filter>Source Files</Filter>
    </ClCompile>
    <ClCompile Include="room_handler.cpp">
      <Filter>Source Files\Handlers</Filter>
    </ClCompile>
    <ClCompile Include="game_manager.cpp">
      <Filter>Source Files\Handlers</Filter>
    </ClCompile>
    <ClCompile Include="cheat.cpp">
      <Filter>Resource Files\Models</Filter>
    </ClCompile>
    <ClCompile Include="hints.cpp">
      <Filter>Resource Files\Models</Filter>
    </ClCompile>
  </ItemGroup>
  <ItemGroup>
    <ClInclude Include="user_input.h">
      <Filter>Header Files</Filter>
    </ClInclude>
    <ClInclude Include="collections.h">
      <Filter>Header Files</Filter>
    </ClInclude>
    <ClInclude Include="input_handler.h">
      <Filter>Header Files\Handlers</Filter>
    </ClInclude>
    <ClInclude Include="room_handler.h">
      <Filter>Header Files\Handlers</Filter>
    </ClInclude>
    <ClInclude Include="game_manager.h">
      <Filter>Header Files\Handlers</Filter>
    </ClInclude>
    <ClInclude Include="dialogue.h">
      <Filter>Header Files\Handlers</Filter>
    </ClInclude>
    <ClInclude Include="characters_handler.h">
      <Filter>Header Files\Handlers</Filter>
    </ClInclude>
    <ClInclude Include="room.h">
      <Filter>Header Files\Classes</Filter>
    </ClInclude>
    <ClInclude Include="interactables.h">
      <Filter>Header Files\Classes</Filter>
    </ClInclude>
    <ClInclude Include="items.h">
      <Filter>Header Files\Classes</Filter>
    </ClInclude>
  </ItemGroup>
</Project>